
Microsoft Visual Studio Solution File, Format Version 12.00
# Visual Studio Version 17
VisualStudioVersion = 17.11.35431.28
MinimumVisualStudioVersion = 10.0.40219.1
Project("{FAE04EC0-301F-11D3-BF4B-00C04F79EFBC}") = "VisitorPatternProjectt", "VisitorPatternProjectt\VisitorPatternProjectt.csproj", "{773EAD7C-760E-481A-A2E9-F061257D4FA5}"
EndProject
Project("{FAE04EC0-301F-11D3-BF4B-00C04F79EFBC}") = "TestProject2", "TestProject2\TestProject2.csproj", "{327F5C85-9644-4550-A686-05DEB6F33ACA}"
	ProjectSection(ProjectDependencies) = postProject
		{773EAD7C-760E-481A-A2E9-F061257D4FA5} = {773EAD7C-760E-481A-A2E9-F061257D4FA5}
	EndProjectSection
EndProject
Global
	GlobalSection(SolutionConfigurationPlatforms) = preSolution
		Debug|Any CPU = Debug|Any CPU
		Release|Any CPU = Release|Any CPU
	EndGlobalSection
	GlobalSection(ProjectConfigurationPlatforms) = postSolution
		{773EAD7C-760E-481A-A2E9-F061257D4FA5}.Debug|Any CPU.ActiveCfg = Debug|Any CPU
		{773EAD7C-760E-481A-A2E9-F061257D4FA5}.Debug|Any CPU.Build.0 = Debug|Any CPU
		{773EAD7C-760E-481A-A2E9-F061257D4FA5}.Release|Any CPU.ActiveCfg = Release|Any CPU
		{773EAD7C-760E-481A-A2E9-F061257D4FA5}.Release|Any CPU.Build.0 = Release|Any CPU
		{327F5C85-9644-4550-A686-05DEB6F33ACA}.Debug|Any CPU.ActiveCfg = Debug|Any CPU
		{327F5C85-9644-4550-A686-05DEB6F33ACA}.Debug|Any CPU.Build.0 = Debug|Any CPU
		{327F5C85-9644-4550-A686-05DEB6F33ACA}.Release|Any CPU.ActiveCfg = Release|Any CPU
		{327F5C85-9644-4550-A686-05DEB6F33ACA}.Release|Any CPU.Build.0 = Release|Any CPU
	EndGlobalSection
	GlobalSection(SolutionProperties) = preSolution
		HideSolutionNode = FALSE
	EndGlobalSection
	GlobalSection(ExtensibilityGlobals) = postSolution
		SolutionGuid = {E5411CD1-53FC-4C9E-813F-E0B96204933C}
	EndGlobalSection
EndGlobal
